{
    "name": "node-red-project",
    "version": "0.0.1",
    "lockfileVersion": 2,
    "requires": true,
    "packages": {
        "": {
            "name": "node-red-project",
            "version": "0.0.1",
            "dependencies": {
                "node-red-contrib-kafka-manager": "file:..",
                "node-red-contrib-prib-functions": "~0.18.0",
                "node-red-project": "file:"
            }
        },
        "..": {
            "version": "0.7.0",
            "license": "GPL-3.0",
            "dependencies": {
                "compressiontool": "*",
                "kafka-node": "*",
                "node": ">=0.6.13",
                "node-red-contrib-kafka-manager": "file:",
                "node-red-contrib-logger": ">=0.0.8",
                "node-red-contrib-noderedbase": ">=0.0.16"
            },
            "devDependencies": {
                "bcrypt": ">=5.0.0",
                "bl": ">=2.2.1",
                "mocha": "^9.2.0",
                "node-red": "^3.0.2",
                "node-red-node-test-helper": "*",
                "zlib": "*"
            },
            "optionalDependencies": {
                "snappy": "^6.0.1"
            }
        },
        "node_modules/adler-32": {
            "version": "1.2.0",
            "resolved": "https://registry.npmjs.org/adler-32/-/adler-32-1.2.0.tgz",
            "integrity": "sha512-/vUqU/UY4MVeFsg+SsK6c+/05RZXIHZMGJA+PX5JyWI0ZRcBpupnRuPLU/NXXoFwMYCPCoxIfElM2eS+DUXCqQ==",
            "dependencies": {
                "exit-on-epipe": "~1.0.1",
                "printj": "~1.1.0"
            },
            "bin": {
                "adler32": "bin/adler32.njs"
            },
            "engines": {
                "node": ">=0.8"
            }
        },
        "node_modules/avsc": {
            "version": "5.7.7",
            "resolved": "https://registry.npmjs.org/avsc/-/avsc-5.7.7.tgz",
            "integrity": "sha512-9cYNccliXZDByFsFliVwk5GvTq058Fj513CiR4E60ndDwmuXzTJEp/Bp8FyuRmGyYupLjHLs+JA9/CBoVS4/NQ==",
            "engines": {
                "node": ">=0.11"
            }
        },
        "node_modules/cfb": {
            "version": "1.2.2",
            "resolved": "https://registry.npmjs.org/cfb/-/cfb-1.2.2.tgz",
            "integrity": "sha512-KfdUZsSOw19/ObEWasvBP/Ac4reZvAGauZhs6S/gqNhXhI7cKwvlH7ulj+dOEYnca4bm4SGo8C1bTAQvnTjgQA==",
            "dependencies": {
                "adler-32": "~1.3.0",
                "crc-32": "~1.2.0"
            },
            "engines": {
                "node": ">=0.8"
            }
        },
        "node_modules/cfb/node_modules/adler-32": {
            "version": "1.3.1",
            "resolved": "https://registry.npmjs.org/adler-32/-/adler-32-1.3.1.tgz",
            "integrity": "sha512-ynZ4w/nUUv5rrsR8UUGoe1VC9hZj6V5hU9Qw1HlMDJGEJw5S7TfTErWTjMys6M7vr0YWcPqs3qAr4ss0nDfP+A==",
            "engines": {
                "node": ">=0.8"
            }
        },
        "node_modules/codepage": {
            "version": "1.15.0",
            "resolved": "https://registry.npmjs.org/codepage/-/codepage-1.15.0.tgz",
            "integrity": "sha512-3g6NUTPd/YtuuGrhMnOMRjFc+LJw/bnMp3+0r/Wcz3IXUuCosKRJvMphm5+Q+bvTVGcJJuRvVLuYba+WojaFaA==",
            "engines": {
                "node": ">=0.8"
            }
        },
        "node_modules/crc-32": {
            "version": "1.2.2",
            "resolved": "https://registry.npmjs.org/crc-32/-/crc-32-1.2.2.tgz",
            "integrity": "sha512-ROmzCKrTnOwybPcJApAA6WBWij23HVfGVNKqqrZpuyZOHqK2CwHSvpGuyt/UNNvaIjEd8X5IFGp4Mh+Ie1IHJQ==",
            "bin": {
                "crc32": "bin/crc32.njs"
            },
            "engines": {
                "node": ">=0.8"
            }
        },
        "node_modules/exit-on-epipe": {
            "version": "1.0.1",
            "resolved": "https://registry.npmjs.org/exit-on-epipe/-/exit-on-epipe-1.0.1.tgz",
            "integrity": "sha512-h2z5mrROTxce56S+pnvAV890uu7ls7f1kEvVGJbw1OlFH3/mlJ5bkXu0KRyW94v37zzHPiUd55iLn3DA7TjWpw==",
            "engines": {
                "node": ">=0.8"
            }
        },
        "node_modules/fast-xml-parser": {
            "version": "3.21.1",
            "resolved": "https://registry.npmjs.org/fast-xml-parser/-/fast-xml-parser-3.21.1.tgz",
            "integrity": "sha512-FTFVjYoBOZTJekiUsawGsSYV9QL0A+zDYCRj7y34IO6Jg+2IMYEtQa+bbictpdpV8dHxXywqU7C0gRDEOFtBFg==",
            "dependencies": {
                "strnum": "^1.0.4"
            },
            "bin": {
                "xml2js": "cli.js"
            },
            "funding": {
                "type": "paypal",
                "url": "https://paypal.me/naturalintelligence"
            }
        },
        "node_modules/frac": {
            "version": "1.1.2",
            "resolved": "https://registry.npmjs.org/frac/-/frac-1.1.2.tgz",
            "integrity": "sha512-w/XBfkibaTl3YDqASwfDUqkna4Z2p9cFSr1aHDt0WoMTECnRfBOv2WArlZILlqgWlmdIlALXGpM2AOhEk5W3IA==",
            "engines": {
                "node": ">=0.8"
            }
        },
        "node_modules/node-red-contrib-kafka-manager": {
            "resolved": "..",
            "link": true
        },
        "node_modules/node-red-contrib-logger": {
            "version": "0.0.6",
            "resolved": "https://registry.npmjs.org/node-red-contrib-logger/-/node-red-contrib-logger-0.0.6.tgz",
            "integrity": "sha512-/VeazTBwl7lmPYKq3pIQ/gyj/NcWZ22oVeuVgWhuQ1IOIyiRPleuXF/+rd1oE4xllkfld6RLdpU/XOX83Yzt3g=="
        },
        "node_modules/node-red-contrib-prib-functions": {
            "version": "0.18.0",
            "resolved": "https://registry.npmjs.org/node-red-contrib-prib-functions/-/node-red-contrib-prib-functions-0.18.0.tgz",
            "integrity": "sha512-n4qFHpz7nDF8OaMVmvRdimjh6OjrS/OZ6v7bK0uObgfAj7MHQM6dwyKQjxoaq+6bEcU2cDpYb5RtSDF2xOrcEw==",
            "dependencies": {
                "avsc": "^5.6.1",
                "fast-xml-parser": "^3.19.0",
                "node-red-contrib-logger": "^0.0.6",
                "xlsx": "^0.17.0"
            }
        },
        "node_modules/node-red-project": {
            "resolved": "",
            "link": true
        },
        "node_modules/printj": {
            "version": "1.1.2",
            "resolved": "https://registry.npmjs.org/printj/-/printj-1.1.2.tgz",
            "integrity": "sha512-zA2SmoLaxZyArQTOPj5LXecR+RagfPSU5Kw1qP+jkWeNlrq+eJZyY2oS68SU1Z/7/myXM4lo9716laOFAVStCQ==",
            "bin": {
                "printj": "bin/printj.njs"
            },
            "engines": {
                "node": ">=0.8"
            }
        },
        "node_modules/ssf": {
            "version": "0.11.2",
            "resolved": "https://registry.npmjs.org/ssf/-/ssf-0.11.2.tgz",
            "integrity": "sha512-+idbmIXoYET47hH+d7dfm2epdOMUDjqcB4648sTZ+t2JwoyBFL/insLfB/racrDmsKB3diwsDA696pZMieAC5g==",
            "dependencies": {
                "frac": "~1.1.2"
            },
            "engines": {
                "node": ">=0.8"
            }
        },
        "node_modules/strnum": {
            "version": "1.0.5",
            "resolved": "https://registry.npmjs.org/strnum/-/strnum-1.0.5.tgz",
            "integrity": "sha512-J8bbNyKKXl5qYcR36TIO8W3mVGVHrmmxsd5PAItGkmyzwJvybiw2IVq5nqd0i4LSNSkB/sx9VHllbfFdr9k1JA=="
        },
        "node_modules/wmf": {
            "version": "1.0.2",
            "resolved": "https://registry.npmjs.org/wmf/-/wmf-1.0.2.tgz",
            "integrity": "sha512-/p9K7bEh0Dj6WbXg4JG0xvLQmIadrner1bi45VMJTfnbVHsc7yIajZyoSoK60/dtVBs12Fm6WkUI5/3WAVsNMw==",
            "engines": {
                "node": ">=0.8"
            }
        },
        "node_modules/word": {
            "version": "0.3.0",
            "resolved": "https://registry.npmjs.org/word/-/word-0.3.0.tgz",
            "integrity": "sha512-OELeY0Q61OXpdUfTp+oweA/vtLVg5VDOXh+3he3PNzLGG/y0oylSOC1xRVj0+l4vQ3tj/bB1HVHv1ocXkQceFA==",
            "engines": {
                "node": ">=0.8"
            }
        },
        "node_modules/xlsx": {
            "version": "0.17.5",
            "resolved": "https://registry.npmjs.org/xlsx/-/xlsx-0.17.5.tgz",
            "integrity": "sha512-lXNU0TuYsvElzvtI6O7WIVb9Zar1XYw7Xb3VAx2wn8N/n0whBYrCnHMxtFyIiUU1Wjf09WzmLALDfBO5PqTb1g==",
            "dependencies": {
                "adler-32": "~1.2.0",
                "cfb": "^1.1.4",
                "codepage": "~1.15.0",
                "crc-32": "~1.2.0",
                "ssf": "~0.11.2",
                "wmf": "~1.0.1",
                "word": "~0.3.0"
            },
            "bin": {
                "xlsx": "bin/xlsx.njs"
            },
            "engines": {
                "node": ">=0.8"
            }
        }
    },
    "dependencies": {
        "adler-32": {
            "version": "1.2.0",
            "resolved": "https://registry.npmjs.org/adler-32/-/adler-32-1.2.0.tgz",
            "integrity": "sha512-/vUqU/UY4MVeFsg+SsK6c+/05RZXIHZMGJA+PX5JyWI0ZRcBpupnRuPLU/NXXoFwMYCPCoxIfElM2eS+DUXCqQ==",
            "requires": {
                "exit-on-epipe": "~1.0.1",
                "printj": "~1.1.0"
            }
        },
        "avsc": {
            "version": "5.7.7",
            "resolved": "https://registry.npmjs.org/avsc/-/avsc-5.7.7.tgz",
            "integrity": "sha512-9cYNccliXZDByFsFliVwk5GvTq058Fj513CiR4E60ndDwmuXzTJEp/Bp8FyuRmGyYupLjHLs+JA9/CBoVS4/NQ=="
        },
        "cfb": {
            "version": "1.2.2",
            "resolved": "https://registry.npmjs.org/cfb/-/cfb-1.2.2.tgz",
            "integrity": "sha512-KfdUZsSOw19/ObEWasvBP/Ac4reZvAGauZhs6S/gqNhXhI7cKwvlH7ulj+dOEYnca4bm4SGo8C1bTAQvnTjgQA==",
            "requires": {
                "adler-32": "~1.3.0",
                "crc-32": "~1.2.0"
            },
            "dependencies": {
                "adler-32": {
                    "version": "1.3.1",
                    "resolved": "https://registry.npmjs.org/adler-32/-/adler-32-1.3.1.tgz",
                    "integrity": "sha512-ynZ4w/nUUv5rrsR8UUGoe1VC9hZj6V5hU9Qw1HlMDJGEJw5S7TfTErWTjMys6M7vr0YWcPqs3qAr4ss0nDfP+A=="
                }
            }
        },
        "codepage": {
            "version": "1.15.0",
            "resolved": "https://registry.npmjs.org/codepage/-/codepage-1.15.0.tgz",
            "integrity": "sha512-3g6NUTPd/YtuuGrhMnOMRjFc+LJw/bnMp3+0r/Wcz3IXUuCosKRJvMphm5+Q+bvTVGcJJuRvVLuYba+WojaFaA=="
        },
        "crc-32": {
            "version": "1.2.2",
            "resolved": "https://registry.npmjs.org/crc-32/-/crc-32-1.2.2.tgz",
            "integrity": "sha512-ROmzCKrTnOwybPcJApAA6WBWij23HVfGVNKqqrZpuyZOHqK2CwHSvpGuyt/UNNvaIjEd8X5IFGp4Mh+Ie1IHJQ=="
        },
        "exit-on-epipe": {
            "version": "1.0.1",
            "resolved": "https://registry.npmjs.org/exit-on-epipe/-/exit-on-epipe-1.0.1.tgz",
            "integrity": "sha512-h2z5mrROTxce56S+pnvAV890uu7ls7f1kEvVGJbw1OlFH3/mlJ5bkXu0KRyW94v37zzHPiUd55iLn3DA7TjWpw=="
        },
        "fast-xml-parser": {
            "version": "3.21.1",
            "resolved": "https://registry.npmjs.org/fast-xml-parser/-/fast-xml-parser-3.21.1.tgz",
            "integrity": "sha512-FTFVjYoBOZTJekiUsawGsSYV9QL0A+zDYCRj7y34IO6Jg+2IMYEtQa+bbictpdpV8dHxXywqU7C0gRDEOFtBFg==",
            "requires": {
                "strnum": "^1.0.4"
            }
        },
        "frac": {
            "version": "1.1.2",
            "resolved": "https://registry.npmjs.org/frac/-/frac-1.1.2.tgz",
            "integrity": "sha512-w/XBfkibaTl3YDqASwfDUqkna4Z2p9cFSr1aHDt0WoMTECnRfBOv2WArlZILlqgWlmdIlALXGpM2AOhEk5W3IA=="
        },
        "node-red-contrib-kafka-manager": {
            "version": "file:..",
            "requires": {
                "bcrypt": ">=5.0.0",
                "bl": ">=2.2.1",
                "compressiontool": "*",
                "kafka-node": "*",
                "mocha": "^9.2.0",
                "node": ">=0.6.13",
                "node-red": "^3.0.2",
                "node-red-contrib-kafka-manager": "file:",
                "node-red-contrib-logger": ">=0.0.8",
                "node-red-contrib-noderedbase": ">=0.0.16",
                "node-red-node-test-helper": "*",
                "snappy": "^6.0.1",
                "zlib": "*"
            }
        },
        "node-red-contrib-logger": {
            "version": "0.0.6",
            "resolved": "https://registry.npmjs.org/node-red-contrib-logger/-/node-red-contrib-logger-0.0.6.tgz",
            "integrity": "sha512-/VeazTBwl7lmPYKq3pIQ/gyj/NcWZ22oVeuVgWhuQ1IOIyiRPleuXF/+rd1oE4xllkfld6RLdpU/XOX83Yzt3g=="
        },
        "node-red-contrib-prib-functions": {
            "version": "0.18.0",
            "resolved": "https://registry.npmjs.org/node-red-contrib-prib-functions/-/node-red-contrib-prib-functions-0.18.0.tgz",
            "integrity": "sha512-n4qFHpz7nDF8OaMVmvRdimjh6OjrS/OZ6v7bK0uObgfAj7MHQM6dwyKQjxoaq+6bEcU2cDpYb5RtSDF2xOrcEw==",
            "requires": {
                "avsc": "^5.6.1",
                "fast-xml-parser": "^3.19.0",
                "node-red-contrib-logger": "^0.0.6",
                "xlsx": "^0.17.0"
            }
        },
        "node-red-project": {
            "version": "file:",
            "requires": {
                "node-red-contrib-kafka-manager": "file:..",
                "node-red-contrib-prib-functions": "~0.18.0",
                "node-red-project": "file:"
            },
            "dependencies": {
                "adler-32": {
                    "version": "1.2.0",
                    "resolved": "https://registry.npmjs.org/adler-32/-/adler-32-1.2.0.tgz",
                    "integrity": "sha512-/vUqU/UY4MVeFsg+SsK6c+/05RZXIHZMGJA+PX5JyWI0ZRcBpupnRuPLU/NXXoFwMYCPCoxIfElM2eS+DUXCqQ==",
                    "requires": {
                        "exit-on-epipe": "~1.0.1",
                        "printj": "~1.1.0"
                    }
                },
                "avsc": {
                    "version": "5.7.7",
                    "resolved": "https://registry.npmjs.org/avsc/-/avsc-5.7.7.tgz",
                    "integrity": "sha512-9cYNccliXZDByFsFliVwk5GvTq058Fj513CiR4E60ndDwmuXzTJEp/Bp8FyuRmGyYupLjHLs+JA9/CBoVS4/NQ=="
                },
                "cfb": {
                    "version": "1.2.2",
                    "resolved": "https://registry.npmjs.org/cfb/-/cfb-1.2.2.tgz",
                    "integrity": "sha512-KfdUZsSOw19/ObEWasvBP/Ac4reZvAGauZhs6S/gqNhXhI7cKwvlH7ulj+dOEYnca4bm4SGo8C1bTAQvnTjgQA==",
                    "requires": {
                        "adler-32": "~1.3.0",
                        "crc-32": "~1.2.0"
                    },
                    "dependencies": {
                        "adler-32": {
                            "version": "1.3.1",
                            "resolved": "https://registry.npmjs.org/adler-32/-/adler-32-1.3.1.tgz",
                            "integrity": "sha512-ynZ4w/nUUv5rrsR8UUGoe1VC9hZj6V5hU9Qw1HlMDJGEJw5S7TfTErWTjMys6M7vr0YWcPqs3qAr4ss0nDfP+A=="
                        }
                    }
                },
                "codepage": {
                    "version": "1.15.0",
                    "resolved": "https://registry.npmjs.org/codepage/-/codepage-1.15.0.tgz",
                    "integrity": "sha512-3g6NUTPd/YtuuGrhMnOMRjFc+LJw/bnMp3+0r/Wcz3IXUuCosKRJvMphm5+Q+bvTVGcJJuRvVLuYba+WojaFaA=="
                },
                "crc-32": {
                    "version": "1.2.2",
                    "resolved": "https://registry.npmjs.org/crc-32/-/crc-32-1.2.2.tgz",
                    "integrity": "sha512-ROmzCKrTnOwybPcJApAA6WBWij23HVfGVNKqqrZpuyZOHqK2CwHSvpGuyt/UNNvaIjEd8X5IFGp4Mh+Ie1IHJQ=="
                },
                "exit-on-epipe": {
                    "version": "1.0.1",
                    "resolved": "https://registry.npmjs.org/exit-on-epipe/-/exit-on-epipe-1.0.1.tgz",
                    "integrity": "sha512-h2z5mrROTxce56S+pnvAV890uu7ls7f1kEvVGJbw1OlFH3/mlJ5bkXu0KRyW94v37zzHPiUd55iLn3DA7TjWpw=="
                },
                "fast-xml-parser": {
                    "version": "3.21.1",
                    "resolved": "https://registry.npmjs.org/fast-xml-parser/-/fast-xml-parser-3.21.1.tgz",
                    "integrity": "sha512-FTFVjYoBOZTJekiUsawGsSYV9QL0A+zDYCRj7y34IO6Jg+2IMYEtQa+bbictpdpV8dHxXywqU7C0gRDEOFtBFg==",
                    "requires": {
                        "strnum": "^1.0.4"
                    }
                },
                "frac": {
                    "version": "1.1.2",
                    "resolved": "https://registry.npmjs.org/frac/-/frac-1.1.2.tgz",
                    "integrity": "sha512-w/XBfkibaTl3YDqASwfDUqkna4Z2p9cFSr1aHDt0WoMTECnRfBOv2WArlZILlqgWlmdIlALXGpM2AOhEk5W3IA=="
                },
                "node-red-contrib-kafka-manager": {
                    "version": "file:..",
                    "requires": {
                        "bcrypt": ">=5.0.0",
                        "bl": ">=2.2.1",
                        "compressiontool": "*",
                        "kafka-node": "*",
                        "mocha": "^9.2.0",
                        "node": ">=0.6.13",
                        "node-red": "^3.0.2",
                        "node-red-contrib-kafka-manager": "file:",
                        "node-red-contrib-logger": ">=0.0.8",
                        "node-red-contrib-noderedbase": ">=0.0.16",
                        "node-red-node-test-helper": "*",
                        "snappy": "^6.0.1",
                        "zlib": "*"
                    }
                },
                "node-red-contrib-logger": {
                    "version": "0.0.6",
                    "resolved": "https://registry.npmjs.org/node-red-contrib-logger/-/node-red-contrib-logger-0.0.6.tgz",
                    "integrity": "sha512-/VeazTBwl7lmPYKq3pIQ/gyj/NcWZ22oVeuVgWhuQ1IOIyiRPleuXF/+rd1oE4xllkfld6RLdpU/XOX83Yzt3g=="
                },
                "node-red-contrib-prib-functions": {
                    "version": "0.18.0",
                    "resolved": "https://registry.npmjs.org/node-red-contrib-prib-functions/-/node-red-contrib-prib-functions-0.18.0.tgz",
                    "integrity": "sha512-n4qFHpz7nDF8OaMVmvRdimjh6OjrS/OZ6v7bK0uObgfAj7MHQM6dwyKQjxoaq+6bEcU2cDpYb5RtSDF2xOrcEw==",
                    "requires": {
                        "avsc": "^5.6.1",
                        "fast-xml-parser": "^3.19.0",
                        "node-red-contrib-logger": "^0.0.6",
                        "xlsx": "^0.17.0"
                    }
                },
                "printj": {
                    "version": "1.1.2",
                    "resolved": "https://registry.npmjs.org/printj/-/printj-1.1.2.tgz",
                    "integrity": "sha512-zA2SmoLaxZyArQTOPj5LXecR+RagfPSU5Kw1qP+jkWeNlrq+eJZyY2oS68SU1Z/7/myXM4lo9716laOFAVStCQ=="
                },
                "ssf": {
                    "version": "0.11.2",
                    "resolved": "https://registry.npmjs.org/ssf/-/ssf-0.11.2.tgz",
                    "integrity": "sha512-+idbmIXoYET47hH+d7dfm2epdOMUDjqcB4648sTZ+t2JwoyBFL/insLfB/racrDmsKB3diwsDA696pZMieAC5g==",
                    "requires": {
                        "frac": "~1.1.2"
                    }
                },
                "strnum": {
                    "version": "1.0.5",
                    "resolved": "https://registry.npmjs.org/strnum/-/strnum-1.0.5.tgz",
                    "integrity": "sha512-J8bbNyKKXl5qYcR36TIO8W3mVGVHrmmxsd5PAItGkmyzwJvybiw2IVq5nqd0i4LSNSkB/sx9VHllbfFdr9k1JA=="
                },
                "wmf": {
                    "version": "1.0.2",
                    "resolved": "https://registry.npmjs.org/wmf/-/wmf-1.0.2.tgz",
                    "integrity": "sha512-/p9K7bEh0Dj6WbXg4JG0xvLQmIadrner1bi45VMJTfnbVHsc7yIajZyoSoK60/dtVBs12Fm6WkUI5/3WAVsNMw=="
                },
                "word": {
                    "version": "0.3.0",
                    "resolved": "https://registry.npmjs.org/word/-/word-0.3.0.tgz",
                    "integrity": "sha512-OELeY0Q61OXpdUfTp+oweA/vtLVg5VDOXh+3he3PNzLGG/y0oylSOC1xRVj0+l4vQ3tj/bB1HVHv1ocXkQceFA=="
                },
                "xlsx": {
                    "version": "0.17.5",
                    "resolved": "https://registry.npmjs.org/xlsx/-/xlsx-0.17.5.tgz",
                    "integrity": "sha512-lXNU0TuYsvElzvtI6O7WIVb9Zar1XYw7Xb3VAx2wn8N/n0whBYrCnHMxtFyIiUU1Wjf09WzmLALDfBO5PqTb1g==",
                    "requires": {
                        "adler-32": "~1.2.0",
                        "cfb": "^1.1.4",
                        "codepage": "~1.15.0",
                        "crc-32": "~1.2.0",
                        "ssf": "~0.11.2",
                        "wmf": "~1.0.1",
                        "word": "~0.3.0"
                    }
                }
            }
        },
        "printj": {
            "version": "1.1.2",
            "resolved": "https://registry.npmjs.org/printj/-/printj-1.1.2.tgz",
            "integrity": "sha512-zA2SmoLaxZyArQTOPj5LXecR+RagfPSU5Kw1qP+jkWeNlrq+eJZyY2oS68SU1Z/7/myXM4lo9716laOFAVStCQ=="
        },
        "ssf": {
            "version": "0.11.2",
            "resolved": "https://registry.npmjs.org/ssf/-/ssf-0.11.2.tgz",
            "integrity": "sha512-+idbmIXoYET47hH+d7dfm2epdOMUDjqcB4648sTZ+t2JwoyBFL/insLfB/racrDmsKB3diwsDA696pZMieAC5g==",
            "requires": {
                "frac": "~1.1.2"
            }
        },
        "strnum": {
            "version": "1.0.5",
            "resolved": "https://registry.npmjs.org/strnum/-/strnum-1.0.5.tgz",
            "integrity": "sha512-J8bbNyKKXl5qYcR36TIO8W3mVGVHrmmxsd5PAItGkmyzwJvybiw2IVq5nqd0i4LSNSkB/sx9VHllbfFdr9k1JA=="
        },
        "wmf": {
            "version": "1.0.2",
            "resolved": "https://registry.npmjs.org/wmf/-/wmf-1.0.2.tgz",
            "integrity": "sha512-/p9K7bEh0Dj6WbXg4JG0xvLQmIadrner1bi45VMJTfnbVHsc7yIajZyoSoK60/dtVBs12Fm6WkUI5/3WAVsNMw=="
        },
        "word": {
            "version": "0.3.0",
            "resolved": "https://registry.npmjs.org/word/-/word-0.3.0.tgz",
            "integrity": "sha512-OELeY0Q61OXpdUfTp+oweA/vtLVg5VDOXh+3he3PNzLGG/y0oylSOC1xRVj0+l4vQ3tj/bB1HVHv1ocXkQceFA=="
        },
        "xlsx": {
            "version": "0.17.5",
            "resolved": "https://registry.npmjs.org/xlsx/-/xlsx-0.17.5.tgz",
            "integrity": "sha512-lXNU0TuYsvElzvtI6O7WIVb9Zar1XYw7Xb3VAx2wn8N/n0whBYrCnHMxtFyIiUU1Wjf09WzmLALDfBO5PqTb1g==",
            "requires": {
                "adler-32": "~1.2.0",
                "cfb": "^1.1.4",
                "codepage": "~1.15.0",
                "crc-32": "~1.2.0",
                "ssf": "~0.11.2",
                "wmf": "~1.0.1",
                "word": "~0.3.0"
            }
        }
    }
}
